{
  "name": "legacy-front",
  "version": "0.1.0",
  "lockfileVersion": 3,
  "requires": true,
  "packages": {
    "": {
      "name": "legacy-front",
      "version": "0.1.0",
      "hasInstallScript": true,
      "license": "UNLICENSED",
      "devDependencies": {
        "angular": "1.5.11",
        "angular-route": "1.5.11"
      }
    },
    "node_modules/angular": {
      "version": "1.5.11",
      "resolved": "https://registry.npmjs.org/angular/-/angular-1.5.11.tgz",
      "integrity": "sha512-09DBOVVWo6rOQfdCBKGfEL0ZZIhf6P3fbeP3BU+ty5FU50DPiavVeDn8hQ4wXE8o4vKEEpzY1aRcRHJMCixWYA==",
      "deprecated": "For the actively supported Angular, see https://www.npmjs.com/package/@angular/core. AngularJS support has officially ended. For extended AngularJS support options, see https://goo.gle/angularjs-path-forward.",
      "dev": true
    },
    "node_modules/angular-route": {
      "version": "1.5.11",
      "resolved": "https://registry.npmjs.org/angular-route/-/angular-route-1.5.11.tgz",
      "integrity": "sha512-0kElWj6PF+ChXhu4kPed+5hbG5E3gR7AM1gvgYvuT36onYCI6ZELS4/IS232gDVCqueoulMS9BfeeFk6o/2/Sw==",
      "deprecated": "For the actively supported Angular, see https://www.npmjs.com/package/@angular/core. AngularJS support has officially ended. For extended AngularJS support options, see https://goo.gle/angularjs-path-forward.",
      "dev": true
    }
  }
}
